# THIS IS AN AUTOGENERATED FILE. DO NOT EDIT THIS FILE DIRECTLY.
# yarn lockfile v1


create-next-app@^15.3.0:
  version "15.3.0"
  resolved "https://registry.yarnpkg.com/create-next-app/-/create-next-app-15.3.0.tgz#4b5bb3ef88bc48e3bcb29326de0dc29de159fbd0"
  integrity sha512-Il62oxcM0liEz+SCx/HcGslHWVvWOwPs8263M8p3RJo09UUAjdsDAFLpQJDh70ngULMOEUXPB9UhvkMzFI38jg==
